dependencies:
- name: nodejs
  repository: oci://hmctsprod.azurecr.io/helm
  version: 3.3.1
- name: redis
  repository: oci://registry-1.docker.io/bitnamicharts
  version: 27.0.18
digest: sha256:d7e3ba60fff8bfb2594618e430ae6acd739683adf6324b0b15f4878f74a8e906
generated: "2026-09-05T11:43:08.991297735Z"
