dependencies:
- name: nodejs
  repository: oci://hmctsprod.azurecr.io/helm
  version: 3.2.1
- name: redis
  repository: oci://registry-1.docker.io/bitnamicharts
  version: 27.0.0
digest: sha256:cecc85e62fa38805471c1b889768bfa5aa5a6f26fc93f9daa434e30b08abc994
generated: "2026-06-03T12:12:18.091654706Z"
